{
  "originHash" : "adae8d74797269bd6d01694ea7c14cab4f9287cb19f2ca9237603ed2edcc91ed",
  "pins" : [
    {
      "identity" : "dragon-kit",
      "kind" : "remoteSourceControl",
      "location" : "https://github.com/teddychan/dragon-kit",
      "state" : {
        "revision" : "7ce7588d7d8869da2250e8023a65060575c44ddf",
        "version" : "2.3.0"
      }
    },
    {
      "identity" : "sparkle",
      "kind" : "remoteSourceControl",
      "location" : "https://github.com/sparkle-project/Sparkle",
      "state" : {
        "revision" : "b6496a74a087257ef5e6da1c5b29a447a60f5bd7",
        "version" : "2.9.4"
      }
    },
    {
      "identity" : "viewinspector",
      "kind" : "remoteSourceControl",
      "location" : "https://github.com/nalexn/ViewInspector",
      "state" : {
        "revision" : "e9a06346499a3a889165647e3f23f8a7b2609a1c",
        "version" : "0.10.3"
      }
    }
  ],
  "version" : 3
}
