{
  "originHash" : "f7b3b28db1801e4dd41850ad25116ff879c3c7b7dd8b6daa6d2a87b5993faea0",
  "pins" : [
    {
      "identity" : "dragon-kit",
      "kind" : "remoteSourceControl",
      "location" : "https://github.com/teddychan/dragon-kit",
      "state" : {
        "revision" : "18e5ba82a7b5c9f098579bdba7b5192db6923d4f",
        "version" : "4.1.2"
      }
    },
    {
      "identity" : "sparkle",
      "kind" : "remoteSourceControl",
      "location" : "https://github.com/sparkle-project/Sparkle",
      "state" : {
        "revision" : "b6496a74a087257ef5e6da1c5b29a447a60f5bd7",
        "version" : "2.9.4"
      }
    },
    {
      "identity" : "viewinspector",
      "kind" : "remoteSourceControl",
      "location" : "https://github.com/nalexn/ViewInspector",
      "state" : {
        "revision" : "e9a06346499a3a889165647e3f23f8a7b2609a1c",
        "version" : "0.10.3"
      }
    }
  ],
  "version" : 3
}
